
Microsoft Visual Studio Solution File, Format Version 12.00
# Visual Studio 15
VisualStudioVersion = 15.0.27130.2024
MinimumVisualStudioVersion = 10.0.40219.1
Project("{FAE04EC0-301F-11D3-BF4B-00C04F79EFBC}") = "Microondas.UI", "Microondas.UI.csproj", "{50A44FEA-01DC-4CAF-857E-528F60F3AEB0}"
EndProject
Project("{FAE04EC0-301F-11D3-BF4B-00C04F79EFBC}") = "Microondas.BLL", "..\Microondas.BLL\Microondas.BLL.csproj", "{F08C2BA2-7CFE-4894-96CB-01FF6CC001FE}"
EndProject
Global
	GlobalSection(SolutionConfigurationPlatforms) = preSolution
		Debug|Any CPU = Debug|Any CPU
		Release|Any CPU = Release|Any CPU
	EndGlobalSection
	GlobalSection(ProjectConfigurationPlatforms) = postSolution
		{50A44FEA-01DC-4CAF-857E-528F60F3AEB0}.Debug|Any CPU.ActiveCfg = Debug|Any CPU
		{50A44FEA-01DC-4CAF-857E-528F60F3AEB0}.Debug|Any CPU.Build.0 = Debug|Any CPU
		{50A44FEA-01DC-4CAF-857E-528F60F3AEB0}.Release|Any CPU.ActiveCfg = Release|Any CPU
		{50A44FEA-01DC-4CAF-857E-528F60F3AEB0}.Release|Any CPU.Build.0 = Release|Any CPU
		{F08C2BA2-7CFE-4894-96CB-01FF6CC001FE}.Debug|Any CPU.ActiveCfg = Debug|Any CPU
		{F08C2BA2-7CFE-4894-96CB-01FF6CC001FE}.Debug|Any CPU.Build.0 = Debug|Any CPU
		{F08C2BA2-7CFE-4894-96CB-01FF6CC001FE}.Release|Any CPU.ActiveCfg = Release|Any CPU
		{F08C2BA2-7CFE-4894-96CB-01FF6CC001FE}.Release|Any CPU.Build.0 = Release|Any CPU
	EndGlobalSection
	GlobalSection(SolutionProperties) = preSolution
		HideSolutionNode = FALSE
	EndGlobalSection
	GlobalSection(ExtensibilityGlobals) = postSolution
		SolutionGuid = {BCAA76E6-A864-4222-8A8D-68ACF5552F59}
	EndGlobalSection
EndGlobal
